// !$*UTF8*$!
{
	archiveVersion = 1;
	classes = {
	};
	objectVersion = 56;
	objects = {

/* Begin PBXBuildFile section */
		0835D75C2BBC3FE500CB07A7 /* UpdateMemoToSQLiteUseCase.swift in Sources */ = {isa = PBXBuildFile; fileRef = 0835D75B2BBC3FE500CB07A7 /* UpdateMemoToSQLiteUseCase.swift */; };
		0835D75E2BBC43CF00CB07A7 /* GetMemoToSQLiteUseCase.swift in Sources */ = {isa = PBXBuildFile; fileRef = 0835D75D2BBC43CF00CB07A7 /* GetMemoToSQLiteUseCase.swift */; };
		0848DEDB2BBA89B8009E3BC3 /* AppDelegate.swift in Sources */ = {isa = PBXBuildFile; fileRef = 0848DEDA2BBA89B8009E3BC3 /* AppDelegate.swift */; };
		0848DEDD2BBA89B8009E3BC3 /* SceneDelegate.swift in Sources */ = {isa = PBXBuildFile; fileRef = 0848DEDC2BBA89B8009E3BC3 /* SceneDelegate.swift */; };
		0848DEDF2BBA89B8009E3BC3 /* CalendarViewController.swift in Sources */ = {isa = PBXBuildFile; fileRef = 0848DEDE2BBA89B8009E3BC3 /* CalendarViewController.swift */; };
		0848DEE42BBA89B9009E3BC3 /* Assets.xcassets in Resources */ = {isa = PBXBuildFile; fileRef = 0848DEE32BBA89B9009E3BC3 /* Assets.xcassets */; };
		0848DEE72BBA89B9009E3BC3 /* LaunchScreen.storyboard in Resources */ = {isa = PBXBuildFile; fileRef = 0848DEE52BBA89B9009E3BC3 /* LaunchScreen.storyboard */; };
		085FE69B2BBAF47D00F94825 /* SnapKit in Frameworks */ = {isa = PBXBuildFile; productRef = 085FE69A2BBAF47D00F94825 /* SnapKit */; };
		085FE69F2BBAF48500F94825 /* RxBlocking in Frameworks */ = {isa = PBXBuildFile; productRef = 085FE69E2BBAF48500F94825 /* RxBlocking */; };
		085FE6A32BBAF48500F94825 /* RxCocoa in Frameworks */ = {isa = PBXBuildFile; productRef = 085FE6A22BBAF48500F94825 /* RxCocoa */; };
		085FE6A72BBAF48500F94825 /* RxRelay in Frameworks */ = {isa = PBXBuildFile; productRef = 085FE6A62BBAF48500F94825 /* RxRelay */; };
		085FE6A92BBAF48E00F94825 /* SQLite in Frameworks */ = {isa = PBXBuildFile; productRef = 085FE6A82BBAF48E00F94825 /* SQLite */; };
		085FE6AB2BBAF49700F94825 /* FSCalendar in Frameworks */ = {isa = PBXBuildFile; productRef = 085FE6AA2BBAF49700F94825 /* FSCalendar */; };
		085FE6B32BBB0B6300F94825 /* MemoDetailViewController.swift in Sources */ = {isa = PBXBuildFile; fileRef = 085FE6B22BBB0B6300F94825 /* MemoDetailViewController.swift */; };
		085FE6B92BBBE55A00F94825 /* MemoDetailViewModel.swift in Sources */ = {isa = PBXBuildFile; fileRef = 085FE6B82BBBE55A00F94825 /* MemoDetailViewModel.swift */; };
		085FE6BC2BBBEE9700F94825 /* IQKeyboardManagerSwift in Frameworks */ = {isa = PBXBuildFile; productRef = 085FE6BB2BBBEE9700F94825 /* IQKeyboardManagerSwift */; };
		0866E9532BBD918700583BAC /* DeleteMemoToSQLiteUseCase.swift in Sources */ = {isa = PBXBuildFile; fileRef = 0866E9522BBD918700583BAC /* DeleteMemoToSQLiteUseCase.swift */; };
		08B912232BBAE48500F0678E /* UITableViewCell+.swift in Sources */ = {isa = PBXBuildFile; fileRef = 08B912222BBAE48500F0678E /* UITableViewCell+.swift */; };
		08B912262BBAE53500F0678E /* ViewModelProtocol.swift in Sources */ = {isa = PBXBuildFile; fileRef = 08B912252BBAE53500F0678E /* ViewModelProtocol.swift */; };
		08B912282BBAE7D700F0678E /* MemoListTableViewCell.swift in Sources */ = {isa = PBXBuildFile; fileRef = 08B912272BBAE7D700F0678E /* MemoListTableViewCell.swift */; };
		08B9122A2BBAEAC300F0678E /* Constants.swift in Sources */ = {isa = PBXBuildFile; fileRef = 08B912292BBAEAC300F0678E /* Constants.swift */; };
		08B9122C2BBAEB7F00F0678E /* Fonts.swift in Sources */ = {isa = PBXBuildFile; fileRef = 08B9122B2BBAEB7F00F0678E /* Fonts.swift */; };
		08B9122E2BBAEE1200F0678E /* Colors.swift in Sources */ = {isa = PBXBuildFile; fileRef = 08B9122D2BBAEE1200F0678E /* Colors.swift */; };
		08B912302BBAEE8600F0678E /* UILabel+.swift in Sources */ = {isa = PBXBuildFile; fileRef = 08B9122F2BBAEE8600F0678E /* UILabel+.swift */; };
		08B912322BBAEE9400F0678E /* UIColor+.swift in Sources */ = {isa = PBXBuildFile; fileRef = 08B912312BBAEE9400F0678E /* UIColor+.swift */; };
		08BDE23D2BC59A580031B6C6 /* CalendarViewModel.swift in Sources */ = {isa = PBXBuildFile; fileRef = 08BDE23C2BC59A580031B6C6 /* CalendarViewModel.swift */; };
		08BDE23F2BC59B290031B6C6 /* CalendarView.swift in Sources */ = {isa = PBXBuildFile; fileRef = 08BDE23E2BC59B290031B6C6 /* CalendarView.swift */; };
		08EF83BC2BBA909B004BE32F /* Memo.swift in Sources */ = {isa = PBXBuildFile; fileRef = 08EF83BB2BBA909B004BE32F /* Memo.swift */; };
		08EF83C62BBA936C004BE32F /* SQLiteRepositorie.swift in Sources */ = {isa = PBXBuildFile; fileRef = 08EF83C52BBA936C004BE32F /* SQLiteRepositorie.swift */; };
		08EF83C82BBA9F2C004BE32F /* TabBarController.swift in Sources */ = {isa = PBXBuildFile; fileRef = 08EF83C72BBA9F2C004BE32F /* TabBarController.swift */; };
		08EF83CB2BBA9FB6004BE32F /* MemoListViewController.swift in Sources */ = {isa = PBXBuildFile; fileRef = 08EF83CA2BBA9FB6004BE32F /* MemoListViewController.swift */; };
		08EF83CD2BBAA1B7004BE32F /* BasicController.swift in Sources */ = {isa = PBXBuildFile; fileRef = 08EF83CC2BBAA1B7004BE32F /* BasicController.swift */; };
		08EF83D32BBAB164004BE32F /* SQLiteRepositorieProtocol.swift in Sources */ = {isa = PBXBuildFile; fileRef = 08EF83D22BBAB164004BE32F /* SQLiteRepositorieProtocol.swift */; };
		08EF83D62BBAE070004BE32F /* MemoListViewModel.swift in Sources */ = {isa = PBXBuildFile; fileRef = 08EF83D52BBAE070004BE32F /* MemoListViewModel.swift */; };
/* End PBXBuildFile section */

/* Begin PBXFileReference section */
		0835D75B2BBC3FE500CB07A7 /* UpdateMemoToSQLiteUseCase.swift */ = {isa = PBXFileReference; lastKnownFileType = sourcecode.swift; path = UpdateMemoToSQLiteUseCase.swift; sourceTree = "<group>"; };
		0835D75D2BBC43CF00CB07A7 /* GetMemoToSQLiteUseCase.swift */ = {isa = PBXFileReference; lastKnownFileType = sourcecode.swift; path = GetMemoToSQLiteUseCase.swift; sourceTree = "<group>"; };
		0848DED72BBA89B8009E3BC3 /* MyCalendar.app */ = {isa = PBXFileReference; explicitFileType = wrapper.application; includeInIndex = 0; path = MyCalendar.app; sourceTree = BUILT_PRODUCTS_DIR; };
		0848DEDA2BBA89B8009E3BC3 /* AppDelegate.swift */ = {isa = PBXFileReference; lastKnownFileType = sourcecode.swift; path = AppDelegate.swift; sourceTree = "<group>"; };
		0848DEDC2BBA89B8009E3BC3 /* SceneDelegate.swift */ = {isa = PBXFileReference; lastKnownFileType = sourcecode.swift; path = SceneDelegate.swift; sourceTree = "<group>"; };
		0848DEDE2BBA89B8009E3BC3 /* CalendarViewController.swift */ = {isa = PBXFileReference; lastKnownFileType = sourcecode.swift; path = CalendarViewController.swift; sourceTree = "<group>"; };
		0848DEE32BBA89B9009E3BC3 /* Assets.xcassets */ = {isa = PBXFileReference; lastKnownFileType = folder.assetcatalog; path = Assets.xcassets; sourceTree = "<group>"; };
		0848DEE62BBA89B9009E3BC3 /* Base */ = {isa = PBXFileReference; lastKnownFileType = file.storyboard; name = Base; path = Base.lproj/LaunchScreen.storyboard; sourceTree = "<group>"; };
		0848DEE82BBA89B9009E3BC3 /* Info.plist */ = {isa = PBXFileReference; lastKnownFileType = text.plist.xml; path = Info.plist; sourceTree = "<group>"; };
		085FE6B22BBB0B6300F94825 /* MemoDetailViewController.swift */ = {isa = PBXFileReference; lastKnownFileType = sourcecode.swift; path = MemoDetailViewController.swift; sourceTree = "<group>"; };
		085FE6B82BBBE55A00F94825 /* MemoDetailViewModel.swift */ = {isa = PBXFileReference; lastKnownFileType = sourcecode.swift; path = MemoDetailViewModel.swift; sourceTree = "<group>"; };
		0866E9522BBD918700583BAC /* DeleteMemoToSQLiteUseCase.swift */ = {isa = PBXFileReference; lastKnownFileType = sourcecode.swift; path = DeleteMemoToSQLiteUseCase.swift; sourceTree = "<group>"; };
		08B912222BBAE48500F0678E /* UITableViewCell+.swift */ = {isa = PBXFileReference; lastKnownFileType = sourcecode.swift; path = "UITableViewCell+.swift"; sourceTree = "<group>"; };
		08B912252BBAE53500F0678E /* ViewModelProtocol.swift */ = {isa = PBXFileReference; lastKnownFileType = sourcecode.swift; path = ViewModelProtocol.swift; sourceTree = "<group>"; };
		08B912272BBAE7D700F0678E /* MemoListTableViewCell.swift */ = {isa = PBXFileReference; lastKnownFileType = sourcecode.swift; path = MemoListTableViewCell.swift; sourceTree = "<group>"; };
		08B912292BBAEAC300F0678E /* Constants.swift */ = {isa = PBXFileReference; lastKnownFileType = sourcecode.swift; path = Constants.swift; sourceTree = "<group>"; };
		08B9122B2BBAEB7F00F0678E /* Fonts.swift */ = {isa = PBXFileReference; lastKnownFileType = sourcecode.swift; path = Fonts.swift; sourceTree = "<group>"; };
		08B9122D2BBAEE1200F0678E /* Colors.swift */ = {isa = PBXFileReference; lastKnownFileType = sourcecode.swift; path = Colors.swift; sourceTree = "<group>"; };
		08B9122F2BBAEE8600F0678E /* UILabel+.swift */ = {isa = PBXFileReference; lastKnownFileType = sourcecode.swift; path = "UILabel+.swift"; sourceTree = "<group>"; };
		08B912312BBAEE9400F0678E /* UIColor+.swift */ = {isa = PBXFileReference; lastKnownFileType = sourcecode.swift; path = "UIColor+.swift"; sourceTree = "<group>"; };
		08BDE23C2BC59A580031B6C6 /* CalendarViewModel.swift */ = {isa = PBXFileReference; lastKnownFileType = sourcecode.swift; path = CalendarViewModel.swift; sourceTree = "<group>"; };
		08BDE23E2BC59B290031B6C6 /* CalendarView.swift */ = {isa = PBXFileReference; lastKnownFileType = sourcecode.swift; path = CalendarView.swift; sourceTree = "<group>"; };
		08EF83BB2BBA909B004BE32F /* Memo.swift */ = {isa = PBXFileReference; lastKnownFileType = sourcecode.swift; path = Memo.swift; sourceTree = "<group>"; };
		08EF83C52BBA936C004BE32F /* SQLiteRepositorie.swift */ = {isa = PBXFileReference; lastKnownFileType = sourcecode.swift; path = SQLiteRepositorie.swift; sourceTree = "<group>"; };
		08EF83C72BBA9F2C004BE32F /* TabBarController.swift */ = {isa = PBXFileReference; lastKnownFileType = sourcecode.swift; path = TabBarController.swift; sourceTree = "<group>"; };
		08EF83CA2BBA9FB6004BE32F /* MemoListViewController.swift */ = {isa = PBXFileReference; lastKnownFileType = sourcecode.swift; path = MemoListViewController.swift; sourceTree = "<group>"; };
		08EF83CC2BBAA1B7004BE32F /* BasicController.swift */ = {isa = PBXFileReference; lastKnownFileType = sourcecode.swift; path = BasicController.swift; sourceTree = "<group>"; };
		08EF83D22BBAB164004BE32F /* SQLiteRepositorieProtocol.swift */ = {isa = PBXFileReference; lastKnownFileType = sourcecode.swift; path = SQLiteRepositorieProtocol.swift; sourceTree = "<group>"; };
		08EF83D52BBAE070004BE32F /* MemoListViewModel.swift */ = {isa = PBXFileReference; lastKnownFileType = sourcecode.swift; path = MemoListViewModel.swift; sourceTree = "<group>"; };
/* End PBXFileReference section */

/* Begin PBXFrameworksBuildPhase section */
		0848DED42BBA89B8009E3BC3 /* Frameworks */ = {
			isa = PBXFrameworksBuildPhase;
			buildActionMask = 2147483647;
			files = (
				085FE6BC2BBBEE9700F94825 /* IQKeyboardManagerSwift in Frameworks */,
				085FE6A92BBAF48E00F94825 /* SQLite in Frameworks */,
				085FE69B2BBAF47D00F94825 /* SnapKit in Frameworks */,
				085FE69F2BBAF48500F94825 /* RxBlocking in Frameworks */,
				085FE6A72BBAF48500F94825 /* RxRelay in Frameworks */,
				085FE6AB2BBAF49700F94825 /* FSCalendar in Frameworks */,
				085FE6A32BBAF48500F94825 /* RxCocoa in Frameworks */,
			);
			runOnlyForDeploymentPostprocessing = 0;
		};
/* End PBXFrameworksBuildPhase section */

/* Begin PBXGroup section */
		0835D75A2BBC3FC100CB07A7 /* UseCase */ = {
			isa = PBXGroup;
			children = (
				0835D75B2BBC3FE500CB07A7 /* UpdateMemoToSQLiteUseCase.swift */,
				0835D75D2BBC43CF00CB07A7 /* GetMemoToSQLiteUseCase.swift */,
				0866E9522BBD918700583BAC /* DeleteMemoToSQLiteUseCase.swift */,
			);
			path = UseCase;
			sourceTree = "<group>";
		};
		0848DECE2BBA89B8009E3BC3 = {
			isa = PBXGroup;
			children = (
				0848DED92BBA89B8009E3BC3 /* MyCalendar */,
				0848DED82BBA89B8009E3BC3 /* Products */,
				085FE6992BBAF47200F94825 /* Frameworks */,
			);
			sourceTree = "<group>";
		};
		0848DED82BBA89B8009E3BC3 /* Products */ = {
			isa = PBXGroup;
			children = (
				0848DED72BBA89B8009E3BC3 /* MyCalendar.app */,
			);
			name = Products;
			sourceTree = "<group>";
		};
		0848DED92BBA89B8009E3BC3 /* MyCalendar */ = {
			isa = PBXGroup;
			children = (
				0848DEFF2BBA8A40009E3BC3 /* Application */,
				0848DF002BBA8AD4009E3BC3 /* Presentation */,
				0848DF022BBA8AF3009E3BC3 /* Data */,
				0848DF012BBA8AE5009E3BC3 /* Domain */,
				0848DEFE2BBA8A21009E3BC3 /* Resources */,
			);
			path = MyCalendar;
			sourceTree = "<group>";
		};
		0848DEFE2BBA8A21009E3BC3 /* Resources */ = {
			isa = PBXGroup;
			children = (
				0848DEE32BBA89B9009E3BC3 /* Assets.xcassets */,
				0848DEE82BBA89B9009E3BC3 /* Info.plist */,
				0848DEE52BBA89B9009E3BC3 /* LaunchScreen.storyboard */,
			);
			path = Resources;
			sourceTree = "<group>";
		};
		0848DEFF2BBA8A40009E3BC3 /* Application */ = {
			isa = PBXGroup;
			children = (
				0848DEDA2BBA89B8009E3BC3 /* AppDelegate.swift */,
				0848DEDC2BBA89B8009E3BC3 /* SceneDelegate.swift */,
			);
			path = Application;
			sourceTree = "<group>";
		};
		0848DF002BBA8AD4009E3BC3 /* Presentation */ = {
			isa = PBXGroup;
			children = (
				08EF83C92BBA9F8C004BE32F /* MemoScene */,
				08EF83BE2BBA9196004BE32F /* CalendarScene */,
				08EF83BD2BBA917A004BE32F /* Utils */,
			);
			path = Presentation;
			sourceTree = "<group>";
		};
		0848DF012BBA8AE5009E3BC3 /* Domain */ = {
			isa = PBXGroup;
			children = (
				0835D75A2BBC3FC100CB07A7 /* UseCase */,
				08EF83D12BBAB135004BE32F /* RepositoryProtocol */,
				0848DF032BBA8B2B009E3BC3 /* Entities */,
			);
			path = Domain;
			sourceTree = "<group>";
		};
		0848DF022BBA8AF3009E3BC3 /* Data */ = {
			isa = PBXGroup;
			children = (
				08EF83C42BBA9354004BE32F /* Repositories */,
			);
			path = Data;
			sourceTree = "<group>";
		};
		0848DF032BBA8B2B009E3BC3 /* Entities */ = {
			isa = PBXGroup;
			children = (
				08EF83BB2BBA909B004BE32F /* Memo.swift */,
			);
			path = Entities;
			sourceTree = "<group>";
		};
		085FE6992BBAF47200F94825 /* Frameworks */ = {
			isa = PBXGroup;
			children = (
			);
			name = Frameworks;
			sourceTree = "<group>";
		};
		085FE6AC2BBB012A00F94825 /* MemoDetail */ = {
			isa = PBXGroup;
			children = (
				085FE6B62BBBE54600F94825 /* Views */,
				085FE6B72BBBE54D00F94825 /* ViewModel */,
			);
			path = MemoDetail;
			sourceTree = "<group>";
		};
		085FE6B62BBBE54600F94825 /* Views */ = {
			isa = PBXGroup;
			children = (
				085FE6B22BBB0B6300F94825 /* MemoDetailViewController.swift */,
			);
			name = Views;
			path = ..;
			sourceTree = "<group>";
		};
		085FE6B72BBBE54D00F94825 /* ViewModel */ = {
			isa = PBXGroup;
			children = (
				085FE6B82BBBE55A00F94825 /* MemoDetailViewModel.swift */,
			);
			name = ViewModel;
			path = ..;
			sourceTree = "<group>";
		};
		08B912212BBAE46C00F0678E /* Extensions */ = {
			isa = PBXGroup;
			children = (
				08B912222BBAE48500F0678E /* UITableViewCell+.swift */,
				08B9122F2BBAEE8600F0678E /* UILabel+.swift */,
				08B912312BBAEE9400F0678E /* UIColor+.swift */,
			);
			path = Extensions;
			sourceTree = "<group>";
		};
		08B912242BBAE49F00F0678E /* Controllers */ = {
			isa = PBXGroup;
			children = (
				08EF83CC2BBAA1B7004BE32F /* BasicController.swift */,
				08EF83C72BBA9F2C004BE32F /* TabBarController.swift */,
			);
			path = Controllers;
			sourceTree = "<group>";
		};
		08EF83BD2BBA917A004BE32F /* Utils */ = {
			isa = PBXGroup;
			children = (
				08B912242BBAE49F00F0678E /* Controllers */,
				08B912212BBAE46C00F0678E /* Extensions */,
				08B912252BBAE53500F0678E /* ViewModelProtocol.swift */,
				08B912292BBAEAC300F0678E /* Constants.swift */,
				08B9122B2BBAEB7F00F0678E /* Fonts.swift */,
				08B9122D2BBAEE1200F0678E /* Colors.swift */,
			);
			path = Utils;
			sourceTree = "<group>";
		};
		08EF83BE2BBA9196004BE32F /* CalendarScene */ = {
			isa = PBXGroup;
			children = (
				08EF83C02BBA91B2004BE32F /* ViewModel */,
				08EF83BF2BBA91AA004BE32F /* Views */,
			);
			path = CalendarScene;
			sourceTree = "<group>";
		};
		08EF83BF2BBA91AA004BE32F /* Views */ = {
			isa = PBXGroup;
			children = (
				0848DEDE2BBA89B8009E3BC3 /* CalendarViewController.swift */,
				08BDE23E2BC59B290031B6C6 /* CalendarView.swift */,
			);
			path = Views;
			sourceTree = "<group>";
		};
		08EF83C02BBA91B2004BE32F /* ViewModel */ = {
			isa = PBXGroup;
			children = (
				08BDE23C2BC59A580031B6C6 /* CalendarViewModel.swift */,
			);
			path = ViewModel;
			sourceTree = "<group>";
		};
		08EF83C42BBA9354004BE32F /* Repositories */ = {
			isa = PBXGroup;
			children = (
				08EF83C52BBA936C004BE32F /* SQLiteRepositorie.swift */,
			);
			path = Repositories;
			sourceTree = "<group>";
		};
		08EF83C92BBA9F8C004BE32F /* MemoScene */ = {
			isa = PBXGroup;
			children = (
				085FE6AC2BBB012A00F94825 /* MemoDetail */,
				08EF83CE2BBAA22D004BE32F /* MemoList */,
			);
			path = MemoScene;
			sourceTree = "<group>";
		};
		08EF83CE2BBAA22D004BE32F /* MemoList */ = {
			isa = PBXGroup;
			children = (
				08EF83D42BBAE061004BE32F /* ViewModel */,
				08EF83D02BBAA255004BE32F /* Views */,
			);
			path = MemoList;
			sourceTree = "<group>";
		};
		08EF83D02BBAA255004BE32F /* Views */ = {
			isa = PBXGroup;
			children = (
				08EF83CA2BBA9FB6004BE32F /* MemoListViewController.swift */,
				08B912272BBAE7D700F0678E /* MemoListTableViewCell.swift */,
			);
			path = Views;
			sourceTree = "<group>";
		};
		08EF83D12BBAB135004BE32F /* RepositoryProtocol */ = {
			isa = PBXGroup;
			children = (
				08EF83D22BBAB164004BE32F /* SQLiteRepositorieProtocol.swift */,
			);
			path = RepositoryProtocol;
			sourceTree = "<group>";
		};
		08EF83D42BBAE061004BE32F /* ViewModel */ = {
			isa = PBXGroup;
			children = (
				08EF83D52BBAE070004BE32F /* MemoListViewModel.swift */,
			);
			path = ViewModel;
			sourceTree = "<group>";
		};
/* End PBXGroup section */

/* Begin PBXNativeTarget section */
		0848DED62BBA89B8009E3BC3 /* MyCalendar */ = {
			isa = PBXNativeTarget;
			buildConfigurationList = 0848DEEB2BBA89B9009E3BC3 /* Build configuration list for PBXNativeTarget "MyCalendar" */;
			buildPhases = (
				0848DED32BBA89B8009E3BC3 /* Sources */,
				0848DED42BBA89B8009E3BC3 /* Frameworks */,
				0848DED52BBA89B8009E3BC3 /* Resources */,
			);
			buildRules = (
			);
			dependencies = (
			);
			name = MyCalendar;
			packageProductDependencies = (
				085FE69A2BBAF47D00F94825 /* SnapKit */,
				085FE69E2BBAF48500F94825 /* RxBlocking */,
				085FE6A22BBAF48500F94825 /* RxCocoa */,
				085FE6A62BBAF48500F94825 /* RxRelay */,
				085FE6A82BBAF48E00F94825 /* SQLite */,
				085FE6AA2BBAF49700F94825 /* FSCalendar */,
				085FE6BB2BBBEE9700F94825 /* IQKeyboardManagerSwift */,
			);
			productName = MyCalendar;
			productReference = 0848DED72BBA89B8009E3BC3 /* MyCalendar.app */;
			productType = "com.apple.product-type.application";
		};
/* End PBXNativeTarget section */

/* Begin PBXProject section */
		0848DECF2BBA89B8009E3BC3 /* Project object */ = {
			isa = PBXProject;
			attributes = {
				BuildIndependentTargetsInParallel = 1;
				LastSwiftUpdateCheck = 1500;
				LastUpgradeCheck = 1500;
				TargetAttributes = {
					0848DED62BBA89B8009E3BC3 = {
						CreatedOnToolsVersion = 15.0;
					};
				};
			};
			buildConfigurationList = 0848DED22BBA89B8009E3BC3 /* Build configuration list for PBXProject "MyCalendar" */;
			compatibilityVersion = "Xcode 14.0";
			developmentRegion = en;
			hasScannedForEncodings = 0;
			knownRegions = (
				en,
				Base,
			);
			mainGroup = 0848DECE2BBA89B8009E3BC3;
			packageReferences = (
				0848DEEE2BBA89CE009E3BC3 /* XCRemoteSwiftPackageReference "SnapKit" */,
				0848DEF32BBA89D9009E3BC3 /* XCRemoteSwiftPackageReference "RxSwift" */,
				08EF83B82BBA8DBB004BE32F /* XCRemoteSwiftPackageReference "FSCalendar" */,
				08EF83C12BBA9313004BE32F /* XCRemoteSwiftPackageReference "SQLite" */,
				085FE6BA2BBBEE9700F94825 /* XCRemoteSwiftPackageReference "IQKeyboardManager" */,
			);
			productRefGroup = 0848DED82BBA89B8009E3BC3 /* Products */;
			projectDirPath = "";
			projectRoot = "";
			targets = (
				0848DED62BBA89B8009E3BC3 /* MyCalendar */,
			);
		};
/* End PBXProject section */

/* Begin PBXResourcesBuildPhase section */
		0848DED52BBA89B8009E3BC3 /* Resources */ = {
			isa = PBXResourcesBuildPhase;
			buildActionMask = 2147483647;
			files = (
				0848DEE72BBA89B9009E3BC3 /* LaunchScreen.storyboard in Resources */,
				0848DEE42BBA89B9009E3BC3 /* Assets.xcassets in Resources */,
			);
			runOnlyForDeploymentPostprocessing = 0;
		};
/* End PBXResourcesBuildPhase section */

/* Begin PBXSourcesBuildPhase section */
		0848DED32BBA89B8009E3BC3 /* Sources */ = {
			isa = PBXSourcesBuildPhase;
			buildActionMask = 2147483647;
			files = (
				08BDE23D2BC59A580031B6C6 /* CalendarViewModel.swift in Sources */,
				085FE6B92BBBE55A00F94825 /* MemoDetailViewModel.swift in Sources */,
				0848DEDF2BBA89B8009E3BC3 /* CalendarViewController.swift in Sources */,
				08EF83D32BBAB164004BE32F /* SQLiteRepositorieProtocol.swift in Sources */,
				0835D75E2BBC43CF00CB07A7 /* GetMemoToSQLiteUseCase.swift in Sources */,
				08BDE23F2BC59B290031B6C6 /* CalendarView.swift in Sources */,
				0866E9532BBD918700583BAC /* DeleteMemoToSQLiteUseCase.swift in Sources */,
				08B912232BBAE48500F0678E /* UITableViewCell+.swift in Sources */,
				0848DEDB2BBA89B8009E3BC3 /* AppDelegate.swift in Sources */,
				08EF83CB2BBA9FB6004BE32F /* MemoListViewController.swift in Sources */,
				0848DEDD2BBA89B8009E3BC3 /* SceneDelegate.swift in Sources */,
				08B912302BBAEE8600F0678E /* UILabel+.swift in Sources */,
				085FE6B32BBB0B6300F94825 /* MemoDetailViewController.swift in Sources */,
				08EF83C82BBA9F2C004BE32F /* TabBarController.swift in Sources */,
				08EF83D62BBAE070004BE32F /* MemoListViewModel.swift in Sources */,
				08B912262BBAE53500F0678E /* ViewModelProtocol.swift in Sources */,
				08B9122E2BBAEE1200F0678E /* Colors.swift in Sources */,
				08EF83BC2BBA909B004BE32F /* Memo.swift in Sources */,
				08B9122C2BBAEB7F00F0678E /* Fonts.swift in Sources */,
				08EF83CD2BBAA1B7004BE32F /* BasicController.swift in Sources */,
				08B9122A2BBAEAC300F0678E /* Constants.swift in Sources */,
				08EF83C62BBA936C004BE32F /* SQLiteRepositorie.swift in Sources */,
				08B912282BBAE7D700F0678E /* MemoListTableViewCell.swift in Sources */,
				0835D75C2BBC3FE500CB07A7 /* UpdateMemoToSQLiteUseCase.swift in Sources */,
				08B912322BBAEE9400F0678E /* UIColor+.swift in Sources */,
			);
			runOnlyForDeploymentPostprocessing = 0;
		};
/* End PBXSourcesBuildPhase section */

/* Begin PBXVariantGroup section */
		0848DEE52BBA89B9009E3BC3 /* LaunchScreen.storyboard */ = {
			isa = PBXVariantGroup;
			children = (
				0848DEE62BBA89B9009E3BC3 /* Base */,
			);
			name = LaunchScreen.storyboard;
			sourceTree = "<group>";
		};
/* End PBXVariantGroup section */

/* Begin XCBuildConfiguration section */
		0848DEE92BBA89B9009E3BC3 /* Debug */ = {
			isa = XCBuildConfiguration;
			buildSettings = {
				ALWAYS_SEARCH_USER_PATHS = NO;
				ASSETCATALOG_COMPILER_GENERATE_SWIFT_ASSET_SYMBOL_EXTENSIONS = YES;
				CLANG_ANALYZER_NONNULL = YES;
				CLANG_ANALYZER_NUMBER_OBJECT_CONVERSION = YES_AGGRESSIVE;
				CLANG_CXX_LANGUAGE_STANDARD = "gnu++20";
				CLANG_ENABLE_MODULES = YES;
				CLANG_ENABLE_OBJC_ARC = YES;
				CLANG_ENABLE_OBJC_WEAK = YES;
				CLANG_WARN_BLOCK_CAPTURE_AUTORELEASING = YES;
				CLANG_WARN_BOOL_CONVERSION = YES;
				CLANG_WARN_COMMA = YES;
				CLANG_WARN_CONSTANT_CONVERSION = YES;
				CLANG_WARN_DEPRECATED_OBJC_IMPLEMENTATIONS = YES;
				CLANG_WARN_DIRECT_OBJC_ISA_USAGE = YES_ERROR;
				CLANG_WARN_DOCUMENTATION_COMMENTS = YES;
				CLANG_WARN_EMPTY_BODY = YES;
				CLANG_WARN_ENUM_CONVERSION = YES;
				CLANG_WARN_INFINITE_RECURSION = YES;
				CLANG_WARN_INT_CONVERSION = YES;
				CLANG_WARN_NON_LITERAL_NULL_CONVERSION = YES;
				CLANG_WARN_OBJC_IMPLICIT_RETAIN_SELF = YES;
				CLANG_WARN_OBJC_LITERAL_CONVERSION = YES;
				CLANG_WARN_OBJC_ROOT_CLASS = YES_ERROR;
				CLANG_WARN_QUOTED_INCLUDE_IN_FRAMEWORK_HEADER = YES;
				CLANG_WARN_RANGE_LOOP_ANALYSIS = YES;
				CLANG_WARN_STRICT_PROTOTYPES = YES;
				CLANG_WARN_SUSPICIOUS_MOVE = YES;
				CLANG_WARN_UNGUARDED_AVAILABILITY = YES_AGGRESSIVE;
				CLANG_WARN_UNREACHABLE_CODE = YES;
				CLANG_WARN__DUPLICATE_METHOD_MATCH = YES;
				COPY_PHASE_STRIP = NO;
				DEBUG_INFORMATION_FORMAT = dwarf;
				ENABLE_STRICT_OBJC_MSGSEND = YES;
				ENABLE_TESTABILITY = YES;
				ENABLE_USER_SCRIPT_SANDBOXING = YES;
				GCC_C_LANGUAGE_STANDARD = gnu17;
				GCC_DYNAMIC_NO_PIC = NO;
				GCC_NO_COMMON_BLOCKS = YES;
				GCC_OPTIMIZATION_LEVEL = 0;
				GCC_PREPROCESSOR_DEFINITIONS = (
					"DEBUG=1",
					"$(inherited)",
				);
				GCC_WARN_64_TO_32_BIT_CONVERSION = YES;
				GCC_WARN_ABOUT_RETURN_TYPE = YES_ERROR;
				GCC_WARN_UNDECLARED_SELECTOR = YES;
				GCC_WARN_UNINITIALIZED_AUTOS = YES_AGGRESSIVE;
				GCC_WARN_UNUSED_FUNCTION = YES;
				GCC_WARN_UNUSED_VARIABLE = YES;
				IPHONEOS_DEPLOYMENT_TARGET = 15.0;
				LOCALIZATION_PREFERS_STRING_CATALOGS = YES;
				MTL_ENABLE_DEBUG_INFO = INCLUDE_SOURCE;
				MTL_FAST_MATH = YES;
				ONLY_ACTIVE_ARCH = YES;
				SDKROOT = iphoneos;
				SWIFT_ACTIVE_COMPILATION_CONDITIONS = "DEBUG $(inherited)";
				SWIFT_OPTIMIZATION_LEVEL = "-Onone";
			};
			name = Debug;
		};
		0848DEEA2BBA89B9009E3BC3 /* Release */ = {
			isa = XCBuildConfiguration;
			buildSettings = {
				ALWAYS_SEARCH_USER_PATHS = NO;
				ASSETCATALOG_COMPILER_GENERATE_SWIFT_ASSET_SYMBOL_EXTENSIONS = YES;
				CLANG_ANALYZER_NONNULL = YES;
				CLANG_ANALYZER_NUMBER_OBJECT_CONVERSION = YES_AGGRESSIVE;
				CLANG_CXX_LANGUAGE_STANDARD = "gnu++20";
				CLANG_ENABLE_MODULES = YES;
				CLANG_ENABLE_OBJC_ARC = YES;
				CLANG_ENABLE_OBJC_WEAK = YES;
				CLANG_WARN_BLOCK_CAPTURE_AUTORELEASING = YES;
				CLANG_WARN_BOOL_CONVERSION = YES;
				CLANG_WARN_COMMA = YES;
				CLANG_WARN_CONSTANT_CONVERSION = YES;
				CLANG_WARN_DEPRECATED_OBJC_IMPLEMENTATIONS = YES;
				CLANG_WARN_DIRECT_OBJC_ISA_USAGE = YES_ERROR;
				CLANG_WARN_DOCUMENTATION_COMMENTS = YES;
				CLANG_WARN_EMPTY_BODY = YES;
				CLANG_WARN_ENUM_CONVERSION = YES;
				CLANG_WARN_INFINITE_RECURSION = YES;
				CLANG_WARN_INT_CONVERSION = YES;
				CLANG_WARN_NON_LITERAL_NULL_CONVERSION = YES;
				CLANG_WARN_OBJC_IMPLICIT_RETAIN_SELF = YES;
				CLANG_WARN_OBJC_LITERAL_CONVERSION = YES;
				CLANG_WARN_OBJC_ROOT_CLASS = YES_ERROR;
				CLANG_WARN_QUOTED_INCLUDE_IN_FRAMEWORK_HEADER = YES;
				CLANG_WARN_RANGE_LOOP_ANALYSIS = YES;
				CLANG_WARN_STRICT_PROTOTYPES = YES;
				CLANG_WARN_SUSPICIOUS_MOVE = YES;
				CLANG_WARN_UNGUARDED_AVAILABILITY = YES_AGGRESSIVE;
				CLANG_WARN_UNREACHABLE_CODE = YES;
				CLANG_WARN__DUPLICATE_METHOD_MATCH = YES;
				COPY_PHASE_STRIP = NO;
				DEBUG_INFORMATION_FORMAT = "dwarf-with-dsym";
				ENABLE_NS_ASSERTIONS = NO;
				ENABLE_STRICT_OBJC_MSGSEND = YES;
				ENABLE_USER_SCRIPT_SANDBOXING = YES;
				GCC_C_LANGUAGE_STANDARD = gnu17;
				GCC_NO_COMMON_BLOCKS = YES;
				GCC_WARN_64_TO_32_BIT_CONVERSION = YES;
				GCC_WARN_ABOUT_RETURN_TYPE = YES_ERROR;
				GCC_WARN_UNDECLARED_SELECTOR = YES;
				GCC_WARN_UNINITIALIZED_AUTOS = YES_AGGRESSIVE;
				GCC_WARN_UNUSED_FUNCTION = YES;
				GCC_WARN_UNUSED_VARIABLE = YES;
				IPHONEOS_DEPLOYMENT_TARGET = 15.0;
				LOCALIZATION_PREFERS_STRING_CATALOGS = YES;
				MTL_ENABLE_DEBUG_INFO = NO;
				MTL_FAST_MATH = YES;
				SDKROOT = iphoneos;
				SWIFT_COMPILATION_MODE = wholemodule;
				VALIDATE_PRODUCT = YES;
			};
			name = Release;
		};
		0848DEEC2BBA89B9009E3BC3 /* Debug */ = {
			isa = XCBuildConfiguration;
			buildSettings = {
				ASSETCATALOG_COMPILER_APPICON_NAME = AppIcon;
				ASSETCATALOG_COMPILER_GLOBAL_ACCENT_COLOR_NAME = AccentColor;
				CODE_SIGN_STYLE = Automatic;
				CURRENT_PROJECT_VERSION = 1;
				DEVELOPMENT_TEAM = W5QTRMS954;
				GENERATE_INFOPLIST_FILE = YES;
				INFOPLIST_FILE = MyCalendar/Resources/Info.plist;
				INFOPLIST_KEY_UIApplicationSupportsIndirectInputEvents = YES;
				INFOPLIST_KEY_UILaunchStoryboardName = LaunchScreen;
				INFOPLIST_KEY_UISupportedInterfaceOrientations_iPad = "UIInterfaceOrientationPortrait UIInterfaceOrientationPortraitUpsideDown UIInterfaceOrientationLandscapeLeft UIInterfaceOrientationLandscapeRight";
				INFOPLIST_KEY_UISupportedInterfaceOrientations_iPhone = "UIInterfaceOrientationPortrait UIInterfaceOrientationLandscapeLeft UIInterfaceOrientationLandscapeRight";
				IPHONEOS_DEPLOYMENT_TARGET = 15.0;
				LD_RUNPATH_SEARCH_PATHS = (
					"$(inherited)",
					"@executable_path/Frameworks",
				);
				MARKETING_VERSION = 1.0;
				PRODUCT_BUNDLE_IDENTIFIER = com.donggle.MyCalendar;
				PRODUCT_NAME = "$(TARGET_NAME)";
				SUPPORTED_PLATFORMS = "iphoneos iphonesimulator";
				SUPPORTS_MACCATALYST = NO;
				SUPPORTS_MAC_DESIGNED_FOR_IPHONE_IPAD = NO;
				SWIFT_EMIT_LOC_STRINGS = YES;
				SWIFT_VERSION = 5.0;
				TARGETED_DEVICE_FAMILY = 1;
			};
			name = Debug;
		};
		0848DEED2BBA89B9009E3BC3 /* Release */ = {
			isa = XCBuildConfiguration;
			buildSettings = {
				ASSETCATALOG_COMPILER_APPICON_NAME = AppIcon;
				ASSETCATALOG_COMPILER_GLOBAL_ACCENT_COLOR_NAME = AccentColor;
				CODE_SIGN_STYLE = Automatic;
				CURRENT_PROJECT_VERSION = 1;
				DEVELOPMENT_TEAM = W5QTRMS954;
				GENERATE_INFOPLIST_FILE = YES;
				INFOPLIST_FILE = MyCalendar/Resources/Info.plist;
				INFOPLIST_KEY_UIApplicationSupportsIndirectInputEvents = YES;
				INFOPLIST_KEY_UILaunchStoryboardName = LaunchScreen;
				INFOPLIST_KEY_UISupportedInterfaceOrientations_iPad = "UIInterfaceOrientationPortrait UIInterfaceOrientationPortraitUpsideDown UIInterfaceOrientationLandscapeLeft UIInterfaceOrientationLandscapeRight";
				INFOPLIST_KEY_UISupportedInterfaceOrientations_iPhone = "UIInterfaceOrientationPortrait UIInterfaceOrientationLandscapeLeft UIInterfaceOrientationLandscapeRight";
				IPHONEOS_DEPLOYMENT_TARGET = 15.0;
				LD_RUNPATH_SEARCH_PATHS = (
					"$(inherited)",
					"@executable_path/Frameworks",
				);
				MARKETING_VERSION = 1.0;
				PRODUCT_BUNDLE_IDENTIFIER = com.donggle.MyCalendar;
				PRODUCT_NAME = "$(TARGET_NAME)";
				SUPPORTED_PLATFORMS = "iphoneos iphonesimulator";
				SUPPORTS_MACCATALYST = NO;
				SUPPORTS_MAC_DESIGNED_FOR_IPHONE_IPAD = NO;
				SWIFT_EMIT_LOC_STRINGS = YES;
				SWIFT_VERSION = 5.0;
				TARGETED_DEVICE_FAMILY = 1;
			};
			name = Release;
		};
/* End XCBuildConfiguration section */

/* Begin XCConfigurationList section */
		0848DED22BBA89B8009E3BC3 /* Build configuration list for PBXProject "MyCalendar" */ = {
			isa = XCConfigurationList;
			buildConfigurations = (
				0848DEE92BBA89B9009E3BC3 /* Debug */,
				0848DEEA2BBA89B9009E3BC3 /* Release */,
			);
			defaultConfigurationIsVisible = 0;
			defaultConfigurationName = Release;
		};
		0848DEEB2BBA89B9009E3BC3 /* Build configuration list for PBXNativeTarget "MyCalendar" */ = {
			isa = XCConfigurationList;
			buildConfigurations = (
				0848DEEC2BBA89B9009E3BC3 /* Debug */,
				0848DEED2BBA89B9009E3BC3 /* Release */,
			);
			defaultConfigurationIsVisible = 0;
			defaultConfigurationName = Release;
		};
/* End XCConfigurationList section */

/* Begin XCRemoteSwiftPackageReference section */
		0848DEEE2BBA89CE009E3BC3 /* XCRemoteSwiftPackageReference "SnapKit" */ = {
			isa = XCRemoteSwiftPackageReference;
			repositoryURL = "https://github.com/SnapKit/SnapKit.git";
			requirement = {
				kind = upToNextMajorVersion;
				minimumVersion = 5.7.1;
			};
		};
		0848DEF32BBA89D9009E3BC3 /* XCRemoteSwiftPackageReference "RxSwift" */ = {
			isa = XCRemoteSwiftPackageReference;
			repositoryURL = "https://github.com/ReactiveX/RxSwift";
			requirement = {
				kind = upToNextMajorVersion;
				minimumVersion = 6.6.0;
			};
		};
		085FE6BA2BBBEE9700F94825 /* XCRemoteSwiftPackageReference "IQKeyboardManager" */ = {
			isa = XCRemoteSwiftPackageReference;
			repositoryURL = "https://github.com/hackiftekhar/IQKeyboardManager?tab=readme-ov-file";
			requirement = {
				kind = upToNextMajorVersion;
				minimumVersion = 7.0.2;
			};
		};
		08EF83B82BBA8DBB004BE32F /* XCRemoteSwiftPackageReference "FSCalendar" */ = {
			isa = XCRemoteSwiftPackageReference;
			repositoryURL = "https://github.com/WenchaoD/FSCalendar";
			requirement = {
				kind = upToNextMajorVersion;
				minimumVersion = 2.8.4;
			};
		};
		08EF83C12BBA9313004BE32F /* XCRemoteSwiftPackageReference "SQLite" */ = {
			isa = XCRemoteSwiftPackageReference;
			repositoryURL = "https://github.com/stephencelis/SQLite.swift";
			requirement = {
				kind = upToNextMajorVersion;
				minimumVersion = 0.15.0;
			};
		};
/* End XCRemoteSwiftPackageReference section */

/* Begin XCSwiftPackageProductDependency section */
		085FE69A2BBAF47D00F94825 /* SnapKit */ = {
			isa = XCSwiftPackageProductDependency;
			package = 0848DEEE2BBA89CE009E3BC3 /* XCRemoteSwiftPackageReference "SnapKit" */;
			productName = SnapKit;
		};
		085FE69E2BBAF48500F94825 /* RxBlocking */ = {
			isa = XCSwiftPackageProductDependency;
			package = 0848DEF32BBA89D9009E3BC3 /* XCRemoteSwiftPackageReference "RxSwift" */;
			productName = RxBlocking;
		};
		085FE6A22BBAF48500F94825 /* RxCocoa */ = {
			isa = XCSwiftPackageProductDependency;
			package = 0848DEF32BBA89D9009E3BC3 /* XCRemoteSwiftPackageReference "RxSwift" */;
			productName = RxCocoa;
		};
		085FE6A62BBAF48500F94825 /* RxRelay */ = {
			isa = XCSwiftPackageProductDependency;
			package = 0848DEF32BBA89D9009E3BC3 /* XCRemoteSwiftPackageReference "RxSwift" */;
			productName = RxRelay;
		};
		085FE6A82BBAF48E00F94825 /* SQLite */ = {
			isa = XCSwiftPackageProductDependency;
			package = 08EF83C12BBA9313004BE32F /* XCRemoteSwiftPackageReference "SQLite" */;
			productName = SQLite;
		};
		085FE6AA2BBAF49700F94825 /* FSCalendar */ = {
			isa = XCSwiftPackageProductDependency;
			package = 08EF83B82BBA8DBB004BE32F /* XCRemoteSwiftPackageReference "FSCalendar" */;
			productName = FSCalendar;
		};
		085FE6BB2BBBEE9700F94825 /* IQKeyboardManagerSwift */ = {
			isa = XCSwiftPackageProductDependency;
			package = 085FE6BA2BBBEE9700F94825 /* XCRemoteSwiftPackageReference "IQKeyboardManager" */;
			productName = IQKeyboardManagerSwift;
		};
/* End XCSwiftPackageProductDependency section */
	};
	rootObject = 0848DECF2BBA89B8009E3BC3 /* Project object */;
}
